
Microsoft Visual Studio Solution File, Format Version 12.00
# Visual Studio 2013
VisualStudioVersion = 12.0.21005.1
MinimumVisualStudioVersion = 10.0.40219.1
Project("{8BC9CEB8-8B4A-11D0-8D11-00A0C91BC942}") = "Compressor", "Compressor\Compressor.vcxproj", "{C141BBF9-A70F-44DF-93B4-53467462DF75}"
EndProject
Project("{8BC9CEB8-8B4A-11D0-8D11-00A0C91BC942}") = "Decompressor", "Decompressor\Decompressor.vcxproj", "{077B94F9-3D1B-4D37-B2E3-2B6E64355F89}"
EndProject
Global
	GlobalSection(SolutionConfigurationPlatforms) = preSolution
		Debug|Win32 = Debug|Win32
		Release|Win32 = Release|Win32
	EndGlobalSection
	GlobalSection(ProjectConfigurationPlatforms) = postSolution
		{C141BBF9-A70F-44DF-93B4-53467462DF75}.Debug|Win32.ActiveCfg = Debug|Win32
		{C141BBF9-A70F-44DF-93B4-53467462DF75}.Debug|Win32.Build.0 = Debug|Win32
		{C141BBF9-A70F-44DF-93B4-53467462DF75}.Release|Win32.ActiveCfg = Release|Win32
		{C141BBF9-A70F-44DF-93B4-53467462DF75}.Release|Win32.Build.0 = Release|Win32
		{077B94F9-3D1B-4D37-B2E3-2B6E64355F89}.Debug|Win32.ActiveCfg = Debug|Win32
		{077B94F9-3D1B-4D37-B2E3-2B6E64355F89}.Debug|Win32.Build.0 = Debug|Win32
		{077B94F9-3D1B-4D37-B2E3-2B6E64355F89}.Release|Win32.ActiveCfg = Release|Win32
		{077B94F9-3D1B-4D37-B2E3-2B6E64355F89}.Release|Win32.Build.0 = Release|Win32
	EndGlobalSection
	GlobalSection(SolutionProperties) = preSolution
		HideSolutionNode = FALSE
	EndGlobalSection
EndGlobal
